
Microsoft Visual Studio Solution File, Format Version 12.00
# Visual Studio Version 17
VisualStudioVersion = 17.0.32112.339
MinimumVisualStudioVersion = 10.0.40219.1
Project("{FAE04EC0-301F-11D3-BF4B-00C04F79EFBC}") = "MinimalAPIDemo", "MinimalAPIDemo\MinimalAPIDemo.csproj", "{E219F9C4-C938-4D76-A8E7-8169BFF0D856}"
EndProject
Project("{00D1A9C2-B5F0-4AF3-8072-F6C62B433612}") = "UserDB", "UserDB\UserDB.sqlproj", "{49FA3864-9E0D-4129-BFEA-9B354E7F58DF}"
EndProject
Project("{FAE04EC0-301F-11D3-BF4B-00C04F79EFBC}") = "DataAccess", "DataAccess\DataAccess.csproj", "{A8AB57C2-1910-4005-8409-EC74715C72D1}"
EndProject
Global
	GlobalSection(SolutionConfigurationPlatforms) = preSolution
		Debug|Any CPU = Debug|Any CPU
		Release|Any CPU = Release|Any CPU
	EndGlobalSection
	GlobalSection(ProjectConfigurationPlatforms) = postSolution
		{E219F9C4-C938-4D76-A8E7-8169BFF0D856}.Debug|Any CPU.ActiveCfg = Debug|Any CPU
		{E219F9C4-C938-4D76-A8E7-8169BFF0D856}.Debug|Any CPU.Build.0 = Debug|Any CPU
		{E219F9C4-C938-4D76-A8E7-8169BFF0D856}.Release|Any CPU.ActiveCfg = Release|Any CPU
		{E219F9C4-C938-4D76-A8E7-8169BFF0D856}.Release|Any CPU.Build.0 = Release|Any CPU
		{49FA3864-9E0D-4129-BFEA-9B354E7F58DF}.Debug|Any CPU.ActiveCfg = Debug|Any CPU
		{49FA3864-9E0D-4129-BFEA-9B354E7F58DF}.Debug|Any CPU.Build.0 = Debug|Any CPU
		{49FA3864-9E0D-4129-BFEA-9B354E7F58DF}.Debug|Any CPU.Deploy.0 = Debug|Any CPU
		{49FA3864-9E0D-4129-BFEA-9B354E7F58DF}.Release|Any CPU.ActiveCfg = Release|Any CPU
		{49FA3864-9E0D-4129-BFEA-9B354E7F58DF}.Release|Any CPU.Build.0 = Release|Any CPU
		{49FA3864-9E0D-4129-BFEA-9B354E7F58DF}.Release|Any CPU.Deploy.0 = Release|Any CPU
		{A8AB57C2-1910-4005-8409-EC74715C72D1}.Debug|Any CPU.ActiveCfg = Debug|Any CPU
		{A8AB57C2-1910-4005-8409-EC74715C72D1}.Debug|Any CPU.Build.0 = Debug|Any CPU
		{A8AB57C2-1910-4005-8409-EC74715C72D1}.Release|Any CPU.ActiveCfg = Release|Any CPU
		{A8AB57C2-1910-4005-8409-EC74715C72D1}.Release|Any CPU.Build.0 = Release|Any CPU
	EndGlobalSection
	GlobalSection(SolutionProperties) = preSolution
		HideSolutionNode = FALSE
	EndGlobalSection
	GlobalSection(ExtensibilityGlobals) = postSolution
		SolutionGuid = {A3C6557F-646A-41B5-9762-360F0C0C0953}
	EndGlobalSection
EndGlobal
